{
  "name": "basic-coding",
  "version": "1.0.0",
  "lockfileVersion": 1,
  "requires": true,
  "dependencies": {
    "@jcbuisson/readlinesync": {
      "version": "1.0.0",
      "resolved": "https://registry.npmjs.org/@jcbuisson/readlinesync/-/readlinesync-1.0.0.tgz",
      "integrity": "sha512-X5nuK/JjcBEErJQxJQA/BOLT3pGBWnl9aWbOwazxPK2m30hbFN2eKggyverMVBZgS2VEUxIESVU9lzWT+p2i1A=="
    },
    "readline-sync": {
      "version": "1.4.10",
      "resolved": "https://registry.npmjs.org/readline-sync/-/readline-sync-1.4.10.tgz",
      "integrity": "sha512-gNva8/6UAe8QYepIQH/jQ2qn91Qj0B9sYjMBBs3QOB8F2CXcKgLxQaJRP76sWVRQt+QU+8fAkCbCvjjMFu7Ycw=="
    }
  }
}
